
Microsoft Visual Studio Solution File, Format Version 12.00
# Visual Studio Version 17
VisualStudioVersion = 17.5.002.0
MinimumVisualStudioVersion = 10.0.40219.1
Project("{2150E333-8FDC-42A3-9474-1A3956D46DE8}") = "csharp-prep", "csharp-prep", "{ADB25D91-9384-4B59-8480-72700B1E99F6}"
EndProject
Project("{9A19103F-16F7-4668-BE54-9A1E7A4F7556}") = "Prep1", "csharp-prep\Prep1\Prep1.csproj", "{E8F8D014-64F3-4D4B-A8F0-8BE5D06D8377}"
EndProject
Project("{9A19103F-16F7-4668-BE54-9A1E7A4F7556}") = "Prep2", "csharp-prep\Prep2\Prep2.csproj", "{BC07D290-95ED-4779-B053-087F47CCCD52}"
EndProject
Project("{9A19103F-16F7-4668-BE54-9A1E7A4F7556}") = "Prep3", "csharp-prep\Prep3\Prep3.csproj", "{ABB9D42E-A770-4F14-B17E-77E3CD9AC52C}"
EndProject
Project("{9A19103F-16F7-4668-BE54-9A1E7A4F7556}") = "Prep4", "csharp-prep\Prep4\Prep4.csproj", "{B2037018-5258-4004-AC43-C819429FA632}"
EndProject
Project("{9A19103F-16F7-4668-BE54-9A1E7A4F7556}") = "Prep5", "csharp-prep\Prep5\Prep5.csproj", "{25575F88-EA14-4655-A8D7-B05BFF4255D9}"
EndProject
Project("{2150E333-8FDC-42A3-9474-1A3956D46DE8}") = "final", "final", "{B688AFFD-7223-4D1E-92C6-516C8C77572D}"
EndProject
Project("{9A19103F-16F7-4668-BE54-9A1E7A4F7556}") = "FinalProject", "final\FinalProject\FinalProject.csproj", "{6AE0809A-DD16-4C31-B431-E75A4AE8C753}"
EndProject
Project("{9A19103F-16F7-4668-BE54-9A1E7A4F7556}") = "Foundation1", "final\Foundation1\Foundation1.csproj", "{9CF16E0A-3E58-4B1A-AED0-689A9EC89A18}"
EndProject
Project("{9A19103F-16F7-4668-BE54-9A1E7A4F7556}") = "Foundation2", "final\Foundation2\Foundation2.csproj", "{37C59A21-F1BB-479C-912F-3CC1D8AAF54A}"
EndProject
Project("{9A19103F-16F7-4668-BE54-9A1E7A4F7556}") = "Foundation3", "final\Foundation3\Foundation3.csproj", "{E89E348B-F887-45CD-81CA-3AA5D495D81A}"
EndProject
Project("{9A19103F-16F7-4668-BE54-9A1E7A4F7556}") = "Foundation4", "final\Foundation4\Foundation4.csproj", "{4D80F322-E3CA-4F3E-9578-4887B370AC4D}"
EndProject
Project("{2150E333-8FDC-42A3-9474-1A3956D46DE8}") = "prepare", "prepare", "{E92ADF05-1340-4B6D-B9C9-392F0CAA923A}"
EndProject
Project("{9A19103F-16F7-4668-BE54-9A1E7A4F7556}") = "Learning02", "prepare\Learning02\Learning02.csproj", "{15A563EE-71EB-4D60-9650-C424279F99F8}"
EndProject
Project("{9A19103F-16F7-4668-BE54-9A1E7A4F7556}") = "Learning03", "prepare\Learning03\Learning03.csproj", "{4A169CE1-30C5-4BC6-8A32-58083C28D770}"
EndProject
Project("{9A19103F-16F7-4668-BE54-9A1E7A4F7556}") = "Learning04", "prepare\Learning04\Learning04.csproj", "{6D12A5B6-ADBC-4F32-9335-8EE929A6E6AE}"
EndProject
Project("{9A19103F-16F7-4668-BE54-9A1E7A4F7556}") = "Learning05", "prepare\Learning05\Learning05.csproj", "{B04C10B7-2E08-42D8-BFB6-1CF7BBDF681C}"
EndProject
Project("{2150E333-8FDC-42A3-9474-1A3956D46DE8}") = "prove", "prove", "{18BA8742-F7AD-434B-A6BF-96E1231CE0D8}"
EndProject
Project("{9A19103F-16F7-4668-BE54-9A1E7A4F7556}") = "Develop02", "prove\Develop02\Develop02.csproj", "{9F5ECCF4-31F6-4052-A658-D5326DB04246}"
EndProject
Project("{9A19103F-16F7-4668-BE54-9A1E7A4F7556}") = "Develop03", "prove\Develop03\Develop03.csproj", "{1B735E1E-673D-4AB8-8DE0-D42CF0E494D9}"
EndProject
Project("{9A19103F-16F7-4668-BE54-9A1E7A4F7556}") = "Develop04", "prove\Develop04\Develop04.csproj", "{8B1D94B6-29C8-4BC3-B8E9-A32192FD0560}"
EndProject
Project("{9A19103F-16F7-4668-BE54-9A1E7A4F7556}") = "Develop05", "prove\Develop05\Develop05.csproj", "{7ED138AC-30B0-43D9-909A-9F3ED65C4D6A}"
EndProject
Project("{2150E333-8FDC-42A3-9474-1A3956D46DE8}") = "sandbox", "sandbox", "{34A8A12C-0E94-4089-B793-E73236AB2573}"
EndProject
Project("{9A19103F-16F7-4668-BE54-9A1E7A4F7556}") = "Sandbox", "sandbox\Sandbox\Sandbox.csproj", "{74705A58-A27B-44DC-B512-28537D0C0257}"
EndProject
Global
	GlobalSection(SolutionConfigurationPlatforms) = preSolution
		Debug|Any CPU = Debug|Any CPU
		Release|Any CPU = Release|Any CPU
	EndGlobalSection
	GlobalSection(ProjectConfigurationPlatforms) = postSolution
		{E8F8D014-64F3-4D4B-A8F0-8BE5D06D8377}.Debug|Any CPU.ActiveCfg = Debug|Any CPU
		{E8F8D014-64F3-4D4B-A8F0-8BE5D06D8377}.Debug|Any CPU.Build.0 = Debug|Any CPU
		{E8F8D014-64F3-4D4B-A8F0-8BE5D06D8377}.Release|Any CPU.ActiveCfg = Release|Any CPU
		{E8F8D014-64F3-4D4B-A8F0-8BE5D06D8377}.Release|Any CPU.Build.0 = Release|Any CPU
		{BC07D290-95ED-4779-B053-087F47CCCD52}.Debug|Any CPU.ActiveCfg = Debug|Any CPU
		{BC07D290-95ED-4779-B053-087F47CCCD52}.Debug|Any CPU.Build.0 = Debug|Any CPU
		{BC07D290-95ED-4779-B053-087F47CCCD52}.Release|Any CPU.ActiveCfg = Release|Any CPU
		{BC07D290-95ED-4779-B053-087F47CCCD52}.Release|Any CPU.Build.0 = Release|Any CPU
		{ABB9D42E-A770-4F14-B17E-77E3CD9AC52C}.Debug|Any CPU.ActiveCfg = Debug|Any CPU
		{ABB9D42E-A770-4F14-B17E-77E3CD9AC52C}.Debug|Any CPU.Build.0 = Debug|Any CPU
		{ABB9D42E-A770-4F14-B17E-77E3CD9AC52C}.Release|Any CPU.ActiveCfg = Release|Any CPU
		{ABB9D42E-A770-4F14-B17E-77E3CD9AC52C}.Release|Any CPU.Build.0 = Release|Any CPU
		{B2037018-5258-4004-AC43-C819429FA632}.Debug|Any CPU.ActiveCfg = Debug|Any CPU
		{B2037018-5258-4004-AC43-C819429FA632}.Debug|Any CPU.Build.0 = Debug|Any CPU
		{B2037018-5258-4004-AC43-C819429FA632}.Release|Any CPU.ActiveCfg = Release|Any CPU
		{B2037018-5258-4004-AC43-C819429FA632}.Release|Any CPU.Build.0 = Release|Any CPU
		{25575F88-EA14-4655-A8D7-B05BFF4255D9}.Debug|Any CPU.ActiveCfg = Debug|Any CPU
		{25575F88-EA14-4655-A8D7-B05BFF4255D9}.Debug|Any CPU.Build.0 = Debug|Any CPU
		{25575F88-EA14-4655-A8D7-B05BFF4255D9}.Release|Any CPU.ActiveCfg = Release|Any CPU
		{25575F88-EA14-4655-A8D7-B05BFF4255D9}.Release|Any CPU.Build.0 = Release|Any CPU
		{6AE0809A-DD16-4C31-B431-E75A4AE8C753}.Debug|Any CPU.ActiveCfg = Debug|Any CPU
		{6AE0809A-DD16-4C31-B431-E75A4AE8C753}.Debug|Any CPU.Build.0 = Debug|Any CPU
		{6AE0809A-DD16-4C31-B431-E75A4AE8C753}.Release|Any CPU.ActiveCfg = Release|Any CPU
		{6AE0809A-DD16-4C31-B431-E75A4AE8C753}.Release|Any CPU.Build.0 = Release|Any CPU
		{9CF16E0A-3E58-4B1A-AED0-689A9EC89A18}.Debug|Any CPU.ActiveCfg = Debug|Any CPU
		{9CF16E0A-3E58-4B1A-AED0-689A9EC89A18}.Debug|Any CPU.Build.0 = Debug|Any CPU
		{9CF16E0A-3E58-4B1A-AED0-689A9EC89A18}.Release|Any CPU.ActiveCfg = Release|Any CPU
		{9CF16E0A-3E58-4B1A-AED0-689A9EC89A18}.Release|Any CPU.Build.0 = Release|Any CPU
		{37C59A21-F1BB-479C-912F-3CC1D8AAF54A}.Debug|Any CPU.ActiveCfg = Debug|Any CPU
		{37C59A21-F1BB-479C-912F-3CC1D8AAF54A}.Debug|Any CPU.Build.0 = Debug|Any CPU
		{37C59A21-F1BB-479C-912F-3CC1D8AAF54A}.Release|Any CPU.ActiveCfg = Release|Any CPU
		{37C59A21-F1BB-479C-912F-3CC1D8AAF54A}.Release|Any CPU.Build.0 = Release|Any CPU
		{E89E348B-F887-45CD-81CA-3AA5D495D81A}.Debug|Any CPU.ActiveCfg = Debug|Any CPU
		{E89E348B-F887-45CD-81CA-3AA5D495D81A}.Debug|Any CPU.Build.0 = Debug|Any CPU
		{E89E348B-F887-45CD-81CA-3AA5D495D81A}.Release|Any CPU.ActiveCfg = Release|Any CPU
		{E89E348B-F887-45CD-81CA-3AA5D495D81A}.Release|Any CPU.Build.0 = Release|Any CPU
		{4D80F322-E3CA-4F3E-9578-4887B370AC4D}.Debug|Any CPU.ActiveCfg = Debug|Any CPU
		{4D80F322-E3CA-4F3E-9578-4887B370AC4D}.Debug|Any CPU.Build.0 = Debug|Any CPU
		{4D80F322-E3CA-4F3E-9578-4887B370AC4D}.Release|Any CPU.ActiveCfg = Release|Any CPU
		{4D80F322-E3CA-4F3E-9578-4887B370AC4D}.Release|Any CPU.Build.0 = Release|Any CPU
		{15A563EE-71EB-4D60-9650-C424279F99F8}.Debug|Any CPU.ActiveCfg = Debug|Any CPU
		{15A563EE-71EB-4D60-9650-C424279F99F8}.Debug|Any CPU.Build.0 = Debug|Any CPU
		{15A563EE-71EB-4D60-9650-C424279F99F8}.Release|Any CPU.ActiveCfg = Release|Any CPU
		{15A563EE-71EB-4D60-9650-C424279F99F8}.Release|Any CPU.Build.0 = Release|Any CPU
		{4A169CE1-30C5-4BC6-8A32-58083C28D770}.Debug|Any CPU.ActiveCfg = Debug|Any CPU
		{4A169CE1-30C5-4BC6-8A32-58083C28D770}.Debug|Any CPU.Build.0 = Debug|Any CPU
		{4A169CE1-30C5-4BC6-8A32-58083C28D770}.Release|Any CPU.ActiveCfg = Release|Any CPU
		{4A169CE1-30C5-4BC6-8A32-58083C28D770}.Release|Any CPU.Build.0 = Release|Any CPU
		{6D12A5B6-ADBC-4F32-9335-8EE929A6E6AE}.Debug|Any CPU.ActiveCfg = Debug|Any CPU
		{6D12A5B6-ADBC-4F32-9335-8EE929A6E6AE}.Debug|Any CPU.Build.0 = Debug|Any CPU
		{6D12A5B6-ADBC-4F32-9335-8EE929A6E6AE}.Release|Any CPU.ActiveCfg = Release|Any CPU
		{6D12A5B6-ADBC-4F32-9335-8EE929A6E6AE}.Release|Any CPU.Build.0 = Release|Any CPU
		{B04C10B7-2E08-42D8-BFB6-1CF7BBDF681C}.Debug|Any CPU.ActiveCfg = Debug|Any CPU
		{B04C10B7-2E08-42D8-BFB6-1CF7BBDF681C}.Debug|Any CPU.Build.0 = Debug|Any CPU
		{B04C10B7-2E08-42D8-BFB6-1CF7BBDF681C}.Release|Any CPU.ActiveCfg = Release|Any CPU
		{B04C10B7-2E08-42D8-BFB6-1CF7BBDF681C}.Release|Any CPU.Build.0 = Release|Any CPU
		{9F5ECCF4-31F6-4052-A658-D5326DB04246}.Debug|Any CPU.ActiveCfg = Debug|Any CPU
		{9F5ECCF4-31F6-4052-A658-D5326DB04246}.Debug|Any CPU.Build.0 = Debug|Any CPU
		{9F5ECCF4-31F6-4052-A658-D5326DB04246}.Release|Any CPU.ActiveCfg = Release|Any CPU
		{9F5ECCF4-31F6-4052-A658-D5326DB04246}.Release|Any CPU.Build.0 = Release|Any CPU
		{1B735E1E-673D-4AB8-8DE0-D42CF0E494D9}.Debug|Any CPU.ActiveCfg = Debug|Any CPU
		{1B735E1E-673D-4AB8-8DE0-D42CF0E494D9}.Debug|Any CPU.Build.0 = Debug|Any CPU
		{1B735E1E-673D-4AB8-8DE0-D42CF0E494D9}.Release|Any CPU.ActiveCfg = Release|Any CPU
		{1B735E1E-673D-4AB8-8DE0-D42CF0E494D9}.Release|Any CPU.Build.0 = Release|Any CPU
		{8B1D94B6-29C8-4BC3-B8E9-A32192FD0560}.Debug|Any CPU.ActiveCfg = Debug|Any CPU
		{8B1D94B6-29C8-4BC3-B8E9-A32192FD0560}.Debug|Any CPU.Build.0 = Debug|Any CPU
		{8B1D94B6-29C8-4BC3-B8E9-A32192FD0560}.Release|Any CPU.ActiveCfg = Release|Any CPU
		{8B1D94B6-29C8-4BC3-B8E9-A32192FD0560}.Release|Any CPU.Build.0 = Release|Any CPU
		{7ED138AC-30B0-43D9-909A-9F3ED65C4D6A}.Debug|Any CPU.ActiveCfg = Debug|Any CPU
		{7ED138AC-30B0-43D9-909A-9F3ED65C4D6A}.Debug|Any CPU.Build.0 = Debug|Any CPU
		{7ED138AC-30B0-43D9-909A-9F3ED65C4D6A}.Release|Any CPU.ActiveCfg = Release|Any CPU
		{7ED138AC-30B0-43D9-909A-9F3ED65C4D6A}.Release|Any CPU.Build.0 = Release|Any CPU
		{74705A58-A27B-44DC-B512-28537D0C0257}.Debug|Any CPU.ActiveCfg = Debug|Any CPU
		{74705A58-A27B-44DC-B512-28537D0C0257}.Debug|Any CPU.Build.0 = Debug|Any CPU
		{74705A58-A27B-44DC-B512-28537D0C0257}.Release|Any CPU.ActiveCfg = Release|Any CPU
		{74705A58-A27B-44DC-B512-28537D0C0257}.Release|Any CPU.Build.0 = Release|Any CPU
	EndGlobalSection
	GlobalSection(SolutionProperties) = preSolution
		HideSolutionNode = FALSE
	EndGlobalSection
	GlobalSection(NestedProjects) = preSolution
		{E8F8D014-64F3-4D4B-A8F0-8BE5D06D8377} = {ADB25D91-9384-4B59-8480-72700B1E99F6}
		{BC07D290-95ED-4779-B053-087F47CCCD52} = {ADB25D91-9384-4B59-8480-72700B1E99F6}
		{ABB9D42E-A770-4F14-B17E-77E3CD9AC52C} = {ADB25D91-9384-4B59-8480-72700B1E99F6}
		{B2037018-5258-4004-AC43-C819429FA632} = {ADB25D91-9384-4B59-8480-72700B1E99F6}
		{25575F88-EA14-4655-A8D7-B05BFF4255D9} = {ADB25D91-9384-4B59-8480-72700B1E99F6}
		{6AE0809A-DD16-4C31-B431-E75A4AE8C753} = {B688AFFD-7223-4D1E-92C6-516C8C77572D}
		{9CF16E0A-3E58-4B1A-AED0-689A9EC89A18} = {B688AFFD-7223-4D1E-92C6-516C8C77572D}
		{37C59A21-F1BB-479C-912F-3CC1D8AAF54A} = {B688AFFD-7223-4D1E-92C6-516C8C77572D}
		{E89E348B-F887-45CD-81CA-3AA5D495D81A} = {B688AFFD-7223-4D1E-92C6-516C8C77572D}
		{4D80F322-E3CA-4F3E-9578-4887B370AC4D} = {B688AFFD-7223-4D1E-92C6-516C8C77572D}
		{15A563EE-71EB-4D60-9650-C424279F99F8} = {E92ADF05-1340-4B6D-B9C9-392F0CAA923A}
		{4A169CE1-30C5-4BC6-8A32-58083C28D770} = {E92ADF05-1340-4B6D-B9C9-392F0CAA923A}
		{6D12A5B6-ADBC-4F32-9335-8EE929A6E6AE} = {E92ADF05-1340-4B6D-B9C9-392F0CAA923A}
		{B04C10B7-2E08-42D8-BFB6-1CF7BBDF681C} = {E92ADF05-1340-4B6D-B9C9-392F0CAA923A}
		{9F5ECCF4-31F6-4052-A658-D5326DB04246} = {18BA8742-F7AD-434B-A6BF-96E1231CE0D8}
		{1B735E1E-673D-4AB8-8DE0-D42CF0E494D9} = {18BA8742-F7AD-434B-A6BF-96E1231CE0D8}
		{8B1D94B6-29C8-4BC3-B8E9-A32192FD0560} = {18BA8742-F7AD-434B-A6BF-96E1231CE0D8}
		{7ED138AC-30B0-43D9-909A-9F3ED65C4D6A} = {18BA8742-F7AD-434B-A6BF-96E1231CE0D8}
		{74705A58-A27B-44DC-B512-28537D0C0257} = {34A8A12C-0E94-4089-B793-E73236AB2573}
	EndGlobalSection
	GlobalSection(ExtensibilityGlobals) = postSolution
		SolutionGuid = {559C106F-50CF-485B-A1A8-457EF1E09BFB}
	EndGlobalSection
EndGlobal
